
Microsoft Visual Studio Solution File, Format Version 12.00
# Visual Studio Version 17
VisualStudioVersion = 17.5.33424.131
MinimumVisualStudioVersion = 10.0.40219.1
Project("{FAE04EC0-301F-11D3-BF4B-00C04F79EFBC}") = "TodoList_Asp.Net-Core", "TodoList_Asp.Net-Core.csproj", "{EA771D64-CA99-40D5-8021-8308A613034C}"
EndProject
Global
	GlobalSection(SolutionConfigurationPlatforms) = preSolution
		Debug|Any CPU = Debug|Any CPU
		Release|Any CPU = Release|Any CPU
	EndGlobalSection
	GlobalSection(ProjectConfigurationPlatforms) = postSolution
		{EA771D64-CA99-40D5-8021-8308A613034C}.Debug|Any CPU.ActiveCfg = Debug|Any CPU
		{EA771D64-CA99-40D5-8021-8308A613034C}.Debug|Any CPU.Build.0 = Debug|Any CPU
		{EA771D64-CA99-40D5-8021-8308A613034C}.Release|Any CPU.ActiveCfg = Release|Any CPU
		{EA771D64-CA99-40D5-8021-8308A613034C}.Release|Any CPU.Build.0 = Release|Any CPU
	EndGlobalSection
	GlobalSection(SolutionProperties) = preSolution
		HideSolutionNode = FALSE
	EndGlobalSection
	GlobalSection(ExtensibilityGlobals) = postSolution
		SolutionGuid = {6B2CB73F-7676-4392-AD22-C8A1DA4004F9}
	EndGlobalSection
EndGlobal
