
Microsoft Visual Studio Solution File, Format Version 12.00
# Visual Studio Version 17
VisualStudioVersion = 17.5.33424.131
MinimumVisualStudioVersion = 10.0.40219.1
Project("{9A19103F-16F7-4668-BE54-9A1E7A4F7556}") = "TodoList_Asp.Net-Core", "TodoList_Asp.Net-Core.csproj", "{EA771D64-CA99-40D5-8021-8308A613034C}"
EndProject
Project("{FAE04EC0-301F-11D3-BF4B-00C04F79EFBC}") = "TodoList.Core", "TodoList.Core\TodoList.Core.csproj", "{E26FFDFD-F146-4472-AF66-3F9B6E4CAE3F}"
EndProject
Project("{FAE04EC0-301F-11D3-BF4B-00C04F79EFBC}") = "TodoList.Infrastructure", "TodoList.Infrastructure\TodoList.Infrastructure.csproj", "{E046BE6C-BA7A-4DCD-AB9C-532E84BDF178}"
EndProject
Project("{FAE04EC0-301F-11D3-BF4B-00C04F79EFBC}") = "TodoList.Services", "TodoList.Services\TodoList.Services.csproj", "{FC70AC1D-3DE0-459D-9A81-4E4D9CC2856A}"
EndProject
Project("{FAE04EC0-301F-11D3-BF4B-00C04F79EFBC}") = "TodoList.UnitTest", "TodoList.UnitTest\TodoList.UnitTest.csproj", "{21911D1F-11B6-4FBD-BFC5-DF748BCC272E}"
EndProject
Global
	GlobalSection(SolutionConfigurationPlatforms) = preSolution
		Debug|Any CPU = Debug|Any CPU
		Release|Any CPU = Release|Any CPU
	EndGlobalSection
	GlobalSection(ProjectConfigurationPlatforms) = postSolution
		{EA771D64-CA99-40D5-8021-8308A613034C}.Debug|Any CPU.ActiveCfg = Debug|Any CPU
		{EA771D64-CA99-40D5-8021-8308A613034C}.Debug|Any CPU.Build.0 = Debug|Any CPU
		{EA771D64-CA99-40D5-8021-8308A613034C}.Release|Any CPU.ActiveCfg = Release|Any CPU
		{EA771D64-CA99-40D5-8021-8308A613034C}.Release|Any CPU.Build.0 = Release|Any CPU
		{E26FFDFD-F146-4472-AF66-3F9B6E4CAE3F}.Debug|Any CPU.ActiveCfg = Debug|Any CPU
		{E26FFDFD-F146-4472-AF66-3F9B6E4CAE3F}.Debug|Any CPU.Build.0 = Debug|Any CPU
		{E26FFDFD-F146-4472-AF66-3F9B6E4CAE3F}.Release|Any CPU.ActiveCfg = Release|Any CPU
		{E26FFDFD-F146-4472-AF66-3F9B6E4CAE3F}.Release|Any CPU.Build.0 = Release|Any CPU
		{E046BE6C-BA7A-4DCD-AB9C-532E84BDF178}.Debug|Any CPU.ActiveCfg = Debug|Any CPU
		{E046BE6C-BA7A-4DCD-AB9C-532E84BDF178}.Debug|Any CPU.Build.0 = Debug|Any CPU
		{E046BE6C-BA7A-4DCD-AB9C-532E84BDF178}.Release|Any CPU.ActiveCfg = Release|Any CPU
		{E046BE6C-BA7A-4DCD-AB9C-532E84BDF178}.Release|Any CPU.Build.0 = Release|Any CPU
		{FC70AC1D-3DE0-459D-9A81-4E4D9CC2856A}.Debug|Any CPU.ActiveCfg = Debug|Any CPU
		{FC70AC1D-3DE0-459D-9A81-4E4D9CC2856A}.Debug|Any CPU.Build.0 = Debug|Any CPU
		{FC70AC1D-3DE0-459D-9A81-4E4D9CC2856A}.Release|Any CPU.ActiveCfg = Release|Any CPU
		{FC70AC1D-3DE0-459D-9A81-4E4D9CC2856A}.Release|Any CPU.Build.0 = Release|Any CPU
		{21911D1F-11B6-4FBD-BFC5-DF748BCC272E}.Debug|Any CPU.ActiveCfg = Debug|Any CPU
		{21911D1F-11B6-4FBD-BFC5-DF748BCC272E}.Debug|Any CPU.Build.0 = Debug|Any CPU
		{21911D1F-11B6-4FBD-BFC5-DF748BCC272E}.Release|Any CPU.ActiveCfg = Release|Any CPU
		{21911D1F-11B6-4FBD-BFC5-DF748BCC272E}.Release|Any CPU.Build.0 = Release|Any CPU
	EndGlobalSection
	GlobalSection(SolutionProperties) = preSolution
		HideSolutionNode = FALSE
	EndGlobalSection
	GlobalSection(ExtensibilityGlobals) = postSolution
		SolutionGuid = {6B2CB73F-7676-4392-AD22-C8A1DA4004F9}
	EndGlobalSection
EndGlobal
